
Microsoft Visual Studio Solution File, Format Version 12.00
# Visual Studio Version 17
VisualStudioVersion = 17.3.32804.467
MinimumVisualStudioVersion = 10.0.40219.1
Project("{FAE04EC0-301F-11D3-BF4B-00C04F79EFBC}") = "Young Jam Records Shop", "Young Jam Records Shop\Young Jam Records Shop.csproj", "{1EAC4787-0FBE-4E9B-B53F-DA11CF117BBE}"
EndProject
Global
	GlobalSection(SolutionConfigurationPlatforms) = preSolution
		Debug|Any CPU = Debug|Any CPU
		Release|Any CPU = Release|Any CPU
	EndGlobalSection
	GlobalSection(ProjectConfigurationPlatforms) = postSolution
		{1EAC4787-0FBE-4E9B-B53F-DA11CF117BBE}.Debug|Any CPU.ActiveCfg = Debug|Any CPU
		{1EAC4787-0FBE-4E9B-B53F-DA11CF117BBE}.Debug|Any CPU.Build.0 = Debug|Any CPU
		{1EAC4787-0FBE-4E9B-B53F-DA11CF117BBE}.Release|Any CPU.ActiveCfg = Release|Any CPU
		{1EAC4787-0FBE-4E9B-B53F-DA11CF117BBE}.Release|Any CPU.Build.0 = Release|Any CPU
	EndGlobalSection
	GlobalSection(SolutionProperties) = preSolution
		HideSolutionNode = FALSE
	EndGlobalSection
	GlobalSection(ExtensibilityGlobals) = postSolution
		SolutionGuid = {3D46845B-198B-45D4-96E6-A8DAEA1E5219}
	EndGlobalSection
EndGlobal
